
Microsoft Visual Studio Solution File, Format Version 12.00
# Visual Studio 2012
Project("{FAE04EC0-301F-11D3-BF4B-00C04F79EFBC}") = "CardFlight.Android", "Android\CardFlight.Android.csproj", "{27AFBDAA-8402-4BB7-A636-C1C27CCC41F5}"
EndProject
Project("{FAE04EC0-301F-11D3-BF4B-00C04F79EFBC}") = "CardFlight.Android.Sample", "..\sample\Android\CardFlight.Android.Sample.csproj", "{6FBDBA49-517A-4C9F-A34E-2F88E6C653DC}"
EndProject
Project("{FAE04EC0-301F-11D3-BF4B-00C04F79EFBC}") = "CardFlight.iOS", "iOS\CardFlight.iOS.csproj", "{0E6D7C98-31CC-48AC-AB90-92ED2EB1D34F}"
EndProject
Project("{FAE04EC0-301F-11D3-BF4B-00C04F79EFBC}") = "CardFlight.iOS.Sample", "..\sample\iOS\CardFlight.iOS.Sample.csproj", "{6B174841-6FB8-4727-9301-56E8F0BABC6C}"
EndProject
Global
	GlobalSection(SolutionConfigurationPlatforms) = preSolution
		Debug|Any CPU = Debug|Any CPU
		Release|Any CPU = Release|Any CPU
		Debug|iPhoneSimulator = Debug|iPhoneSimulator
		Release|iPhone = Release|iPhone
		Release|iPhoneSimulator = Release|iPhoneSimulator
		Debug|iPhone = Debug|iPhone
	EndGlobalSection
	GlobalSection(ProjectConfigurationPlatforms) = postSolution
		{0E6D7C98-31CC-48AC-AB90-92ED2EB1D34F}.Debug|Any CPU.ActiveCfg = Debug|Any CPU
		{0E6D7C98-31CC-48AC-AB90-92ED2EB1D34F}.Debug|Any CPU.Build.0 = Debug|Any CPU
		{0E6D7C98-31CC-48AC-AB90-92ED2EB1D34F}.Debug|iPhone.ActiveCfg = Debug|Any CPU
		{0E6D7C98-31CC-48AC-AB90-92ED2EB1D34F}.Debug|iPhone.Build.0 = Debug|Any CPU
		{0E6D7C98-31CC-48AC-AB90-92ED2EB1D34F}.Debug|iPhoneSimulator.ActiveCfg = Debug|Any CPU
		{0E6D7C98-31CC-48AC-AB90-92ED2EB1D34F}.Debug|iPhoneSimulator.Build.0 = Debug|Any CPU
		{0E6D7C98-31CC-48AC-AB90-92ED2EB1D34F}.Release|Any CPU.ActiveCfg = Release|Any CPU
		{0E6D7C98-31CC-48AC-AB90-92ED2EB1D34F}.Release|Any CPU.Build.0 = Release|Any CPU
		{0E6D7C98-31CC-48AC-AB90-92ED2EB1D34F}.Release|iPhone.ActiveCfg = Release|Any CPU
		{0E6D7C98-31CC-48AC-AB90-92ED2EB1D34F}.Release|iPhone.Build.0 = Release|Any CPU
		{0E6D7C98-31CC-48AC-AB90-92ED2EB1D34F}.Release|iPhoneSimulator.ActiveCfg = Release|Any CPU
		{0E6D7C98-31CC-48AC-AB90-92ED2EB1D34F}.Release|iPhoneSimulator.Build.0 = Release|Any CPU
		{27AFBDAA-8402-4BB7-A636-C1C27CCC41F5}.Debug|Any CPU.ActiveCfg = Debug|Any CPU
		{27AFBDAA-8402-4BB7-A636-C1C27CCC41F5}.Debug|Any CPU.Build.0 = Debug|Any CPU
		{27AFBDAA-8402-4BB7-A636-C1C27CCC41F5}.Debug|iPhone.ActiveCfg = Debug|Any CPU
		{27AFBDAA-8402-4BB7-A636-C1C27CCC41F5}.Debug|iPhone.Build.0 = Debug|Any CPU
		{27AFBDAA-8402-4BB7-A636-C1C27CCC41F5}.Debug|iPhoneSimulator.ActiveCfg = Debug|Any CPU
		{27AFBDAA-8402-4BB7-A636-C1C27CCC41F5}.Debug|iPhoneSimulator.Build.0 = Debug|Any CPU
		{27AFBDAA-8402-4BB7-A636-C1C27CCC41F5}.Release|Any CPU.ActiveCfg = Release|Any CPU
		{27AFBDAA-8402-4BB7-A636-C1C27CCC41F5}.Release|Any CPU.Build.0 = Release|Any CPU
		{27AFBDAA-8402-4BB7-A636-C1C27CCC41F5}.Release|iPhone.ActiveCfg = Release|Any CPU
		{27AFBDAA-8402-4BB7-A636-C1C27CCC41F5}.Release|iPhone.Build.0 = Release|Any CPU
		{27AFBDAA-8402-4BB7-A636-C1C27CCC41F5}.Release|iPhoneSimulator.ActiveCfg = Release|Any CPU
		{27AFBDAA-8402-4BB7-A636-C1C27CCC41F5}.Release|iPhoneSimulator.Build.0 = Release|Any CPU
		{6B174841-6FB8-4727-9301-56E8F0BABC6C}.Debug|Any CPU.ActiveCfg = Debug|iPhoneSimulator
		{6B174841-6FB8-4727-9301-56E8F0BABC6C}.Debug|Any CPU.Build.0 = Debug|iPhoneSimulator
		{6B174841-6FB8-4727-9301-56E8F0BABC6C}.Debug|iPhone.ActiveCfg = Debug|iPhone
		{6B174841-6FB8-4727-9301-56E8F0BABC6C}.Debug|iPhone.Build.0 = Debug|iPhone
		{6B174841-6FB8-4727-9301-56E8F0BABC6C}.Debug|iPhoneSimulator.ActiveCfg = Debug|iPhoneSimulator
		{6B174841-6FB8-4727-9301-56E8F0BABC6C}.Debug|iPhoneSimulator.Build.0 = Debug|iPhoneSimulator
		{6B174841-6FB8-4727-9301-56E8F0BABC6C}.Release|Any CPU.ActiveCfg = Release|iPhone
		{6B174841-6FB8-4727-9301-56E8F0BABC6C}.Release|Any CPU.Build.0 = Release|iPhone
		{6B174841-6FB8-4727-9301-56E8F0BABC6C}.Release|iPhone.ActiveCfg = Release|iPhone
		{6B174841-6FB8-4727-9301-56E8F0BABC6C}.Release|iPhone.Build.0 = Release|iPhone
		{6B174841-6FB8-4727-9301-56E8F0BABC6C}.Release|iPhoneSimulator.ActiveCfg = Release|iPhoneSimulator
		{6B174841-6FB8-4727-9301-56E8F0BABC6C}.Release|iPhoneSimulator.Build.0 = Release|iPhoneSimulator
		{6FBDBA49-517A-4C9F-A34E-2F88E6C653DC}.Debug|Any CPU.ActiveCfg = Debug|Any CPU
		{6FBDBA49-517A-4C9F-A34E-2F88E6C653DC}.Debug|Any CPU.Build.0 = Debug|Any CPU
		{6FBDBA49-517A-4C9F-A34E-2F88E6C653DC}.Debug|iPhone.ActiveCfg = Debug|Any CPU
		{6FBDBA49-517A-4C9F-A34E-2F88E6C653DC}.Debug|iPhone.Build.0 = Debug|Any CPU
		{6FBDBA49-517A-4C9F-A34E-2F88E6C653DC}.Debug|iPhoneSimulator.ActiveCfg = Debug|Any CPU
		{6FBDBA49-517A-4C9F-A34E-2F88E6C653DC}.Debug|iPhoneSimulator.Build.0 = Debug|Any CPU
		{6FBDBA49-517A-4C9F-A34E-2F88E6C653DC}.Release|Any CPU.ActiveCfg = Release|Any CPU
		{6FBDBA49-517A-4C9F-A34E-2F88E6C653DC}.Release|Any CPU.Build.0 = Release|Any CPU
		{6FBDBA49-517A-4C9F-A34E-2F88E6C653DC}.Release|iPhone.ActiveCfg = Release|Any CPU
		{6FBDBA49-517A-4C9F-A34E-2F88E6C653DC}.Release|iPhone.Build.0 = Release|Any CPU
		{6FBDBA49-517A-4C9F-A34E-2F88E6C653DC}.Release|iPhoneSimulator.ActiveCfg = Release|Any CPU
		{6FBDBA49-517A-4C9F-A34E-2F88E6C653DC}.Release|iPhoneSimulator.Build.0 = Release|Any CPU
	EndGlobalSection
EndGlobal
